
Microsoft Visual Studio Solution File, Format Version 12.00
# Visual Studio Version 17
VisualStudioVersion = 17.13.35806.99 d17.13
MinimumVisualStudioVersion = 10.0.40219.1
Project("{FAE04EC0-301F-11D3-BF4B-00C04F79EFBC}") = "TechLibrary.Api", "TechLibrary.Api\TechLibrary.Api.csproj", "{A051A3EF-EEE7-4041-B38B-C2D5ED26216A}"
EndProject
Project("{FAE04EC0-301F-11D3-BF4B-00C04F79EFBC}") = "TechLibrary.Communication", "TechLibrary.Communication\TechLibrary.Communication.csproj", "{6729CF3C-4219-40E1-9F39-07BBD3319FAA}"
EndProject
Global
	GlobalSection(SolutionConfigurationPlatforms) = preSolution
		Debug|Any CPU = Debug|Any CPU
		Release|Any CPU = Release|Any CPU
	EndGlobalSection
	GlobalSection(ProjectConfigurationPlatforms) = postSolution
		{A051A3EF-EEE7-4041-B38B-C2D5ED26216A}.Debug|Any CPU.ActiveCfg = Debug|Any CPU
		{A051A3EF-EEE7-4041-B38B-C2D5ED26216A}.Debug|Any CPU.Build.0 = Debug|Any CPU
		{A051A3EF-EEE7-4041-B38B-C2D5ED26216A}.Release|Any CPU.ActiveCfg = Release|Any CPU
		{A051A3EF-EEE7-4041-B38B-C2D5ED26216A}.Release|Any CPU.Build.0 = Release|Any CPU
		{6729CF3C-4219-40E1-9F39-07BBD3319FAA}.Debug|Any CPU.ActiveCfg = Debug|Any CPU
		{6729CF3C-4219-40E1-9F39-07BBD3319FAA}.Debug|Any CPU.Build.0 = Debug|Any CPU
		{6729CF3C-4219-40E1-9F39-07BBD3319FAA}.Release|Any CPU.ActiveCfg = Release|Any CPU
		{6729CF3C-4219-40E1-9F39-07BBD3319FAA}.Release|Any CPU.Build.0 = Release|Any CPU
	EndGlobalSection
	GlobalSection(SolutionProperties) = preSolution
		HideSolutionNode = FALSE
	EndGlobalSection
	GlobalSection(ExtensibilityGlobals) = postSolution
		SolutionGuid = {5DA0F2BE-9ABF-49EE-B8E7-2E47BFDA892C}
	EndGlobalSection
EndGlobal
